
Microsoft Visual Studio Solution File, Format Version 11.00
# Visual Studio 2010
Project("{FAE04EC0-301F-11D3-BF4B-00C04F79EFBC}") = "Color Data 3.0", "Color Data 3.0\Color Data 3.0.csproj", "{FEAEC1D8-8BD9-4DD4-8759-C6D86871ACB6}"
EndProject
Global
	GlobalSection(SolutionConfigurationPlatforms) = preSolution
		Debug|Any CPU = Debug|Any CPU
		Release|Any CPU = Release|Any CPU
		Trial|Any CPU = Trial|Any CPU
	EndGlobalSection
	GlobalSection(ProjectConfigurationPlatforms) = postSolution
		{FEAEC1D8-8BD9-4DD4-8759-C6D86871ACB6}.Debug|Any CPU.ActiveCfg = Debug|Any CPU
		{FEAEC1D8-8BD9-4DD4-8759-C6D86871ACB6}.Debug|Any CPU.Build.0 = Debug|Any CPU
		{FEAEC1D8-8BD9-4DD4-8759-C6D86871ACB6}.Debug|Any CPU.Deploy.0 = Debug|Any CPU
		{FEAEC1D8-8BD9-4DD4-8759-C6D86871ACB6}.Release|Any CPU.ActiveCfg = Release|Any CPU
		{FEAEC1D8-8BD9-4DD4-8759-C6D86871ACB6}.Release|Any CPU.Build.0 = Release|Any CPU
		{FEAEC1D8-8BD9-4DD4-8759-C6D86871ACB6}.Release|Any CPU.Deploy.0 = Release|Any CPU
		{FEAEC1D8-8BD9-4DD4-8759-C6D86871ACB6}.Trial|Any CPU.ActiveCfg = Trial|Any CPU
		{FEAEC1D8-8BD9-4DD4-8759-C6D86871ACB6}.Trial|Any CPU.Build.0 = Trial|Any CPU
		{FEAEC1D8-8BD9-4DD4-8759-C6D86871ACB6}.Trial|Any CPU.Deploy.0 = Trial|Any CPU
	EndGlobalSection
	GlobalSection(SolutionProperties) = preSolution
		HideSolutionNode = FALSE
	EndGlobalSection
EndGlobal
